
Microsoft Visual Studio Solution File, Format Version 12.00
# Visual Studio Version 17
VisualStudioVersion = 17.1.32210.238
MinimumVisualStudioVersion = 10.0.40219.1
Project("{FAE04EC0-301F-11D3-BF4B-00C04F79EFBC}") = "params", "params.csproj", "{9C8188D5-EAFF-4F4E-B9FB-1D92F5EF2DC3}"
EndProject
Global
	GlobalSection(SolutionConfigurationPlatforms) = preSolution
		Debug|Any CPU = Debug|Any CPU
		Release|Any CPU = Release|Any CPU
	EndGlobalSection
	GlobalSection(ProjectConfigurationPlatforms) = postSolution
		{9C8188D5-EAFF-4F4E-B9FB-1D92F5EF2DC3}.Debug|Any CPU.ActiveCfg = Debug|Any CPU
		{9C8188D5-EAFF-4F4E-B9FB-1D92F5EF2DC3}.Debug|Any CPU.Build.0 = Debug|Any CPU
		{9C8188D5-EAFF-4F4E-B9FB-1D92F5EF2DC3}.Release|Any CPU.ActiveCfg = Release|Any CPU
		{9C8188D5-EAFF-4F4E-B9FB-1D92F5EF2DC3}.Release|Any CPU.Build.0 = Release|Any CPU
	EndGlobalSection
	GlobalSection(SolutionProperties) = preSolution
		HideSolutionNode = FALSE
	EndGlobalSection
	GlobalSection(ExtensibilityGlobals) = postSolution
		SolutionGuid = {8C2BA144-6282-49E8-AF5A-741ABEE1946B}
	EndGlobalSection
EndGlobal
